
Microsoft Visual Studio Solution File, Format Version 12.00
# Visual Studio Version 16
VisualStudioVersion = 16.0.30128.36
MinimumVisualStudioVersion = 10.0.40219.1
Project("{FAE04EC0-301F-11D3-BF4B-00C04F79EFBC}") = "QinSoft.Wx", "QinSoft.Wx\QinSoft.Wx.csproj", "{7093873E-65A8-4804-B988-A2851C8A98F2}"
EndProject
Project("{FAE04EC0-301F-11D3-BF4B-00C04F79EFBC}") = "QinSoft.Wx.Web", "QinSoft.Wx.Web\QinSoft.Wx.Web.csproj", "{5103720B-4EE7-483E-8BBF-ED8CECCAAD2B}"
EndProject
Global
	GlobalSection(SolutionConfigurationPlatforms) = preSolution
		Debug|Any CPU = Debug|Any CPU
		Release|Any CPU = Release|Any CPU
	EndGlobalSection
	GlobalSection(ProjectConfigurationPlatforms) = postSolution
		{7093873E-65A8-4804-B988-A2851C8A98F2}.Debug|Any CPU.ActiveCfg = Debug|Any CPU
		{7093873E-65A8-4804-B988-A2851C8A98F2}.Debug|Any CPU.Build.0 = Debug|Any CPU
		{7093873E-65A8-4804-B988-A2851C8A98F2}.Release|Any CPU.ActiveCfg = Release|Any CPU
		{7093873E-65A8-4804-B988-A2851C8A98F2}.Release|Any CPU.Build.0 = Release|Any CPU
		{5103720B-4EE7-483E-8BBF-ED8CECCAAD2B}.Debug|Any CPU.ActiveCfg = Debug|Any CPU
		{5103720B-4EE7-483E-8BBF-ED8CECCAAD2B}.Debug|Any CPU.Build.0 = Debug|Any CPU
		{5103720B-4EE7-483E-8BBF-ED8CECCAAD2B}.Release|Any CPU.ActiveCfg = Release|Any CPU
		{5103720B-4EE7-483E-8BBF-ED8CECCAAD2B}.Release|Any CPU.Build.0 = Release|Any CPU
	EndGlobalSection
	GlobalSection(SolutionProperties) = preSolution
		HideSolutionNode = FALSE
	EndGlobalSection
	GlobalSection(ExtensibilityGlobals) = postSolution
		SolutionGuid = {B7D18AC9-89B2-455D-A9CC-D7FA8A17D796}
	EndGlobalSection
EndGlobal
